<?xml version="1.0" encoding="utf-8"?>
<Project ToolsVersion="4.0" xmlns="http://schemas.microsoft.com/developer/msbuild/2003">
  <ItemGroup>
    <Filter Include="Server">
      <UniqueIdentifier>{A8A47C24-66C0-4912-9D34-2CBF87F1D707}</UniqueIdentifier>
    </Filter>
    <Filter Include="Server\Console">
      <UniqueIdentifier>{39B037A0-9B57-454A-AF34-7D9164E22A0F}</UniqueIdentifier>
    </Filter>
    <Filter Include="Server\Console\Commands">
      <UniqueIdentifier>{7C28D123-0DA3-4B17-84C0-E326F5A75740}</UniqueIdentifier>
    </Filter>
    <Filter Include="Server\Access">
      <UniqueIdentifier>{29AB58D1-E8A9-465A-B3EA-BC5E9110A7A1}</UniqueIdentifier>
    </Filter>
    <Filter Include="Server\Common">
      <UniqueIdentifier>{BC6FD58B-1A40-45FE-B8D9-1A087C25126D}</UniqueIdentifier>
    </Filter>
    <Filter Include="Server\Vendor">
      <UniqueIdentifier>{3E4D5A41-CAB8-4A10-82B5-8B2AE2E25CB2}</UniqueIdentifier>
    </Filter>
  </ItemGroup>
  <ItemGroup>
    <ClCompile Include="ServerLogger.cpp">
      <Filter>Server</Filter>
    </ClCompile>
    <ClCompile Include="ServerLogManager.cpp">
      <Filter>Server</Filter>
    </ClCompile>
    <ClCompile Include="ServerProperties.cpp">
      <Filter>Server</Filter>
    </ClCompile>
    <ClCompile Include="WorldManager.cpp">
      <Filter>Server</Filter>
    </ClCompile>
    <ClCompile Include="Console\ServerCli.cpp">
      <Filter>Server\Console</Filter>
    </ClCompile>
    <ClCompile Include="Console\ServerCliEngine.cpp">
      <Filter>Server\Console</Filter>
    </ClCompile>
    <ClCompile Include="Console\ServerCliParser.cpp">
      <Filter>Server\Console</Filter>
    </ClCompile>
    <ClCompile Include="Console\ServerCliRegistry.cpp">
      <Filter>Server\Console</Filter>
    </ClCompile>
    <ClCompile Include="Common\StringUtils.cpp">
      <Filter>Server\Common</Filter>
    </ClCompile>
    <ClCompile Include="vendor\linenoise\linenoise.c">
      <Filter>Server\Vendor</Filter>
    </ClCompile>
    <ClCompile Include="Windows64\ServerMain.cpp">
      <Filter>Server</Filter>
    </ClCompile>
    <ClCompile Include="Access\Access.cpp">
      <Filter>Server\Access</Filter>
    </ClCompile>
    <ClCompile Include="Access\BanManager.cpp">
      <Filter>Server\Access</Filter>
    </ClCompile>
    <ClCompile Include="Access\WhitelistManager.cpp">
      <Filter>Server\Access</Filter>
    </ClCompile>
    <ClCompile Include="Common\FileUtils.cpp">
      <Filter>Server\Common</Filter>
    </ClCompile>
    <ClCompile Include="..\Minecraft.Client\AbstractTexturePack.cpp" />
    <ClCompile Include="..\Minecraft.Client\AchievementPopup.cpp" />
    <ClCompile Include="..\Minecraft.Client\AchievementScreen.cpp" />
    <ClCompile Include="..\Minecraft.Client\AllowAllCuller.cpp" />
    <ClCompile Include="..\Minecraft.Client\ArchiveFile.cpp" />
    <ClCompile Include="..\Minecraft.Client\ArrowRenderer.cpp" />
    <ClCompile Include="..\Minecraft.Client\BatModel.cpp" />
    <ClCompile Include="..\Minecraft.Client\BatRenderer.cpp" />
    <ClCompile Include="..\Minecraft.Client\BeaconRenderer.cpp" />
    <ClCompile Include="..\Minecraft.Client\BlazeModel.cpp" />
    <ClCompile Include="..\Minecraft.Client\BlazeRenderer.cpp" />
    <ClCompile Include="..\Minecraft.Client\BoatModel.cpp" />
    <ClCompile Include="..\Minecraft.Client\BoatRenderer.cpp" />
    <ClCompile Include="..\Minecraft.Client\BookModel.cpp" />
    <ClCompile Include="..\Minecraft.Client\BossMobGuiInfo.cpp" />
    <ClCompile Include="..\Minecraft.Client\BreakingItemParticle.cpp" />
    <ClCompile Include="..\Minecraft.Client\BubbleParticle.cpp" />
    <ClCompile Include="..\Minecraft.Client\BufferedImage.cpp" />
    <ClCompile Include="..\Minecraft.Client\Button.cpp" />
    <ClCompile Include="..\Minecraft.Client\Camera.cpp" />
    <ClCompile Include="..\Minecraft.Client\CaveSpiderRenderer.cpp" />
    <ClCompile Include="..\Minecraft.Client\ChatScreen.cpp" />
    <ClCompile Include="..\Minecraft.Client\ChestModel.cpp" />
    <ClCompile Include="..\Minecraft.Client\ChestRenderer.cpp" />
    <ClCompile Include="..\Minecraft.Client\ChickenModel.cpp" />
    <ClCompile Include="..\Minecraft.Client\ChickenRenderer.cpp" />
    <ClCompile Include="..\Minecraft.Client\Chunk.cpp" />
    <ClCompile Include="..\Minecraft.Client\ClientConnection.cpp" />
    <ClCompile Include="..\Minecraft.Client\ClientConstants.cpp" />
    <ClCompile Include="..\Minecraft.Client\ClockTexture.cpp" />
    <ClCompile Include="..\Minecraft.Client\Common\Audio\Consoles_SoundEngine.cpp" />
    <ClCompile Include="..\Minecraft.Client\Common\Audio\SoundEngine.cpp" />
    <ClCompile Include="..\Minecraft.Client\Common\Audio\SoundNames.cpp" />
    <ClCompile Include="..\Minecraft.Client\Common\Colours\ColourTable.cpp" />
    <ClCompile Include="..\Minecraft.Client\Common\ConsoleGameMode.cpp" />
    <ClCompile Include="..\Minecraft.Client\Common\Console_Utils.cpp" />
    <ClCompile Include="..\Minecraft.Client\Common\Consoles_App.cpp" />
    <ClCompile Include="..\Minecraft.Client\Common\DLC\DLCAudioFile.cpp" />
    <ClCompile Include="..\Minecraft.Client\Common\DLC\DLCCapeFile.cpp" />
    <ClCompile Include="..\Minecraft.Client\Common\DLC\DLCColourTableFile.cpp" />
    <ClCompile Include="..\Minecraft.Client\Common\DLC\DLCFile.cpp" />
    <ClCompile Include="..\Minecraft.Client\Common\DLC\DLCGameRulesFile.cpp" />
    <ClCompile Include="..\Minecraft.Client\Common\DLC\DLCGameRulesHeader.cpp" />
    <ClCompile Include="..\Minecraft.Client\Common\DLC\DLCLocalisationFile.cpp" />
    <ClCompile Include="..\Minecraft.Client\Common\DLC\DLCManager.cpp" />
    <ClCompile Include="..\Minecraft.Client\Common\DLC\DLCPack.cpp" />
    <ClCompile Include="..\Minecraft.Client\Common\DLC\DLCSkinFile.cpp" />
    <ClCompile Include="..\Minecraft.Client\Common\DLC\DLCTextureFile.cpp" />
    <ClCompile Include="..\Minecraft.Client\Common\DLC\DLCUIDataFile.cpp" />
    <ClCompile Include="..\include\lce_filesystem\lce_filesystem.cpp" />
    <ClCompile Include="..\Minecraft.Client\Common\GameRules\AddEnchantmentRuleDefinition.cpp" />
    <ClCompile Include="..\Minecraft.Client\Common\GameRules\AddItemRuleDefinition.cpp" />
    <ClCompile Include="..\Minecraft.Client\Common\GameRules\ApplySchematicRuleDefinition.cpp" />
    <ClCompile Include="..\Minecraft.Client\Common\GameRules\BiomeOverride.cpp" />
    <ClCompile Include="..\Minecraft.Client\Common\GameRules\CollectItemRuleDefinition.cpp" />
    <ClCompile Include="..\Minecraft.Client\Common\GameRules\CompleteAllRuleDefinition.cpp" />
    <ClCompile Include="..\Minecraft.Client\Common\GameRules\CompoundGameRuleDefinition.cpp" />
    <ClCompile Include="..\Minecraft.Client\Common\GameRules\ConsoleGenerateStructure.cpp" />
    <ClCompile Include="..\Minecraft.Client\Common\GameRules\ConsoleSchematicFile.cpp" />
    <ClCompile Include="..\Minecraft.Client\Common\GameRules\GameRule.cpp" />
    <ClCompile Include="..\Minecraft.Client\Common\GameRules\GameRuleDefinition.cpp" />
    <ClCompile Include="..\Minecraft.Client\Common\GameRules\GameRuleManager.cpp" />
    <ClCompile Include="..\Minecraft.Client\Common\GameRules\LevelGenerationOptions.cpp" />
    <ClCompile Include="..\Minecraft.Client\Common\GameRules\LevelGenerators.cpp" />
    <ClCompile Include="..\Minecraft.Client\Common\GameRules\LevelRules.cpp" />
    <ClCompile Include="..\Minecraft.Client\Common\GameRules\LevelRuleset.cpp" />
    <ClCompile Include="..\Minecraft.Client\Common\GameRules\NamedAreaRuleDefinition.cpp" />
    <ClCompile Include="..\Minecraft.Client\Common\GameRules\StartFeature.cpp" />
    <ClCompile Include="..\Minecraft.Client\Common\GameRules\UpdatePlayerRuleDefinition.cpp" />
    <ClCompile Include="..\Minecraft.Client\Common\GameRules\UseTileRuleDefinition.cpp" />
    <ClCompile Include="..\Minecraft.Client\Common\GameRules\XboxStructureActionGenerateBox.cpp" />
    <ClCompile Include="..\Minecraft.Client\Common\GameRules\XboxStructureActionPlaceBlock.cpp" />
    <ClCompile Include="..\Minecraft.Client\Common\GameRules\XboxStructureActionPlaceContainer.cpp" />
    <ClCompile Include="..\Minecraft.Client\Common\GameRules\XboxStructureActionPlaceSpawner.cpp" />
    <ClCompile Include="..\Minecraft.Client\Common\Leaderboards\LeaderboardInterface.cpp" />
    <ClCompile Include="..\Minecraft.Client\Common\Leaderboards\LeaderboardManager.cpp" />
    <ClCompile Include="..\Minecraft.Client\Common\Network\GameNetworkManager.cpp" />
    <ClCompile Include="..\Minecraft.Client\Common\Network\PlatformNetworkManagerStub.cpp" />
    <ClCompile Include="..\Minecraft.Client\Common\Telemetry\TelemetryManager.cpp" />
    <ClCompile Include="..\Minecraft.Client\Common\Trial\TrialMode.cpp" />
    <ClCompile Include="..\Minecraft.Client\Common\Tutorial\AreaConstraint.cpp" />
    <ClCompile Include="..\Minecraft.Client\Common\Tutorial\AreaHint.cpp" />
    <ClCompile Include="..\Minecraft.Client\Common\Tutorial\AreaTask.cpp" />
    <ClCompile Include="..\Minecraft.Client\Common\Tutorial\ChangeStateConstraint.cpp" />
    <ClCompile Include="..\Minecraft.Client\Common\Tutorial\ChoiceTask.cpp" />
    <ClCompile Include="..\Minecraft.Client\Common\Tutorial\CompleteUsingItemTask.cpp" />
    <ClCompile Include="..\Minecraft.Client\Common\Tutorial\ControllerTask.cpp" />
    <ClCompile Include="..\Minecraft.Client\Common\Tutorial\CraftTask.cpp" />
    <ClCompile Include="..\Minecraft.Client\Common\Tutorial\DiggerItemHint.cpp" />
    <ClCompile Include="..\Minecraft.Client\Common\Tutorial\EffectChangedTask.cpp" />
    <ClCompile Include="..\Minecraft.Client\Common\Tutorial\FullTutorial.cpp" />
    <ClCompile Include="..\Minecraft.Client\Common\Tutorial\FullTutorialActiveTask.cpp" />
    <ClCompile Include="..\Minecraft.Client\Common\Tutorial\FullTutorialMode.cpp" />
    <ClCompile Include="..\Minecraft.Client\Common\Tutorial\HorseChoiceTask.cpp" />
    <ClCompile Include="..\Minecraft.Client\Common\Tutorial\InfoTask.cpp" />
    <ClCompile Include="..\Minecraft.Client\Common\Tutorial\InputConstraint.cpp" />
    <ClCompile Include="..\Minecraft.Client\Common\Tutorial\LookAtEntityHint.cpp" />
    <ClCompile Include="..\Minecraft.Client\Common\Tutorial\LookAtTileHint.cpp" />
    <ClCompile Include="..\Minecraft.Client\Common\Tutorial\PickupTask.cpp" />
    <ClCompile Include="..\Minecraft.Client\Common\Tutorial\ProcedureCompoundTask.cpp" />
    <ClCompile Include="..\Minecraft.Client\Common\Tutorial\ProgressFlagTask.cpp" />
    <ClCompile Include="..\Minecraft.Client\Common\Tutorial\RideEntityTask.cpp" />
    <ClCompile Include="..\Minecraft.Client\Common\Tutorial\StatTask.cpp" />
    <ClCompile Include="..\Minecraft.Client\Common\Tutorial\TakeItemHint.cpp" />
    <ClCompile Include="..\Minecraft.Client\Common\Tutorial\Tutorial.cpp" />
    <ClCompile Include="..\Minecraft.Client\Common\Tutorial\TutorialHint.cpp" />
    <ClCompile Include="..\Minecraft.Client\Common\Tutorial\TutorialMessage.cpp" />
    <ClCompile Include="..\Minecraft.Client\Common\Tutorial\TutorialMode.cpp" />
    <ClCompile Include="..\Minecraft.Client\Common\Tutorial\TutorialTask.cpp" />
    <ClCompile Include="..\Minecraft.Client\Common\Tutorial\UseItemTask.cpp" />
    <ClCompile Include="..\Minecraft.Client\Common\Tutorial\UseTileTask.cpp" />
    <ClCompile Include="..\Minecraft.Client\Common\Tutorial\XuiCraftingTask.cpp" />
    <ClCompile Include="..\Minecraft.Client\Common\UI\IUIScene_AbstractContainerMenu.cpp" />
    <ClCompile Include="..\Minecraft.Client\Common\UI\IUIScene_AnvilMenu.cpp" />
    <ClCompile Include="..\Minecraft.Client\Common\UI\IUIScene_BeaconMenu.cpp" />
    <ClCompile Include="..\Minecraft.Client\Common\UI\IUIScene_BrewingMenu.cpp" />
    <ClCompile Include="..\Minecraft.Client\Common\UI\IUIScene_CommandBlockMenu.cpp" />
    <ClCompile Include="..\Minecraft.Client\Common\UI\IUIScene_ContainerMenu.cpp" />
    <ClCompile Include="..\Minecraft.Client\Common\UI\IUIScene_CraftingMenu.cpp" />
    <ClCompile Include="..\Minecraft.Client\Common\UI\IUIScene_CreativeMenu.cpp" />
    <ClCompile Include="..\Minecraft.Client\Common\UI\IUIScene_DispenserMenu.cpp" />
    <ClCompile Include="..\Minecraft.Client\Common\UI\IUIScene_EnchantingMenu.cpp" />
    <ClCompile Include="..\Minecraft.Client\Common\UI\IUIScene_FireworksMenu.cpp" />
    <ClCompile Include="..\Minecraft.Client\Common\UI\IUIScene_FurnaceMenu.cpp" />
    <ClCompile Include="..\Minecraft.Client\Common\UI\IUIScene_HUD.cpp" />
    <ClCompile Include="..\Minecraft.Client\Common\UI\IUIScene_HopperMenu.cpp" />
    <ClCompile Include="..\Minecraft.Client\Common\UI\IUIScene_HorseInventoryMenu.cpp" />
    <ClCompile Include="..\Minecraft.Client\Common\UI\IUIScene_InventoryMenu.cpp" />
    <ClCompile Include="..\Minecraft.Client\Common\UI\IUIScene_PauseMenu.cpp" />
    <ClCompile Include="..\Minecraft.Client\Common\UI\IUIScene_StartGame.cpp" />
    <ClCompile Include="..\Minecraft.Client\Common\UI\IUIScene_TradingMenu.cpp" />
    <ClCompile Include="..\Minecraft.Client\Common\UI\UIBitmapFont.cpp" />
    <ClCompile Include="..\Minecraft.Client\Common\UI\UIComponent_Chat.cpp" />
    <ClCompile Include="..\Minecraft.Client\Common\UI\UIComponent_DebugUIConsole.cpp" />
    <ClCompile Include="..\Minecraft.Client\Common\UI\UIComponent_DebugUIMarketingGuide.cpp" />
    <ClCompile Include="..\Minecraft.Client\Common\UI\UIComponent_Logo.cpp" />
    <ClCompile Include="..\Minecraft.Client\Common\UI\UIComponent_MenuBackground.cpp" />
    <ClCompile Include="..\Minecraft.Client\Common\UI\UIComponent_Panorama.cpp" />
    <ClCompile Include="..\Minecraft.Client\Common\UI\UIComponent_PressStartToPlay.cpp" />
    <ClCompile Include="..\Minecraft.Client\Common\UI\UIComponent_Tooltips.cpp" />
    <ClCompile Include="..\Minecraft.Client\Common\UI\UIComponent_TutorialPopup.cpp" />
    <ClCompile Include="..\Minecraft.Client\Common\UI\UIControl.cpp" />
    <ClCompile Include="..\Minecraft.Client\Common\UI\UIControl_Base.cpp" />
    <ClCompile Include="..\Minecraft.Client\Common\UI\UIControl_BeaconEffectButton.cpp" />
    <ClCompile Include="..\Minecraft.Client\Common\UI\UIControl_BitmapIcon.cpp" />
    <ClCompile Include="..\Minecraft.Client\Common\UI\UIControl_Button.cpp" />
    <ClCompile Include="..\Minecraft.Client\Common\UI\UIControl_ButtonList.cpp" />
    <ClCompile Include="..\Minecraft.Client\Common\UI\UIControl_CheckBox.cpp" />
    <ClCompile Include="..\Minecraft.Client\Common\UI\UIControl_Cursor.cpp" />
    <ClCompile Include="..\Minecraft.Client\Common\UI\UIControl_DLCList.cpp" />
    <ClCompile Include="..\Minecraft.Client\Common\UI\UIControl_DynamicLabel.cpp" />
    <ClCompile Include="..\Minecraft.Client\Common\UI\UIControl_EnchantmentBook.cpp" />
    <ClCompile Include="..\Minecraft.Client\Common\UI\UIControl_EnchantmentButton.cpp" />
    <ClCompile Include="..\Minecraft.Client\Common\UI\UIControl_HTMLLabel.cpp" />
    <ClCompile Include="..\Minecraft.Client\Common\UI\UIControl_Label.cpp" />
    <ClCompile Include="..\Minecraft.Client\Common\UI\UIControl_LeaderboardList.cpp" />
    <ClCompile Include="..\Minecraft.Client\Common\UI\UIControl_MinecraftHorse.cpp" />
    <ClCompile Include="..\Minecraft.Client\Common\UI\UIControl_MinecraftPlayer.cpp" />
    <ClCompile Include="..\Minecraft.Client\Common\UI\UIControl_PlayerList.cpp" />
    <ClCompile Include="..\Minecraft.Client\Common\UI\UIControl_PlayerSkinPreview.cpp" />
    <ClCompile Include="..\Minecraft.Client\Common\UI\UIControl_Progress.cpp" />
    <ClCompile Include="..\Minecraft.Client\Common\UI\UIControl_SaveList.cpp" />
    <ClCompile Include="..\Minecraft.Client\Common\UI\UIControl_Slider.cpp" />
    <ClCompile Include="..\Minecraft.Client\Common\UI\UIControl_SlotList.cpp" />
    <ClCompile Include="..\Minecraft.Client\Common\UI\UIControl_SpaceIndicatorBar.cpp" />
    <ClCompile Include="..\Minecraft.Client\Common\UI\UIControl_TextInput.cpp" />
    <ClCompile Include="..\Minecraft.Client\Common\UI\UIControl_TexturePackList.cpp" />
    <ClCompile Include="..\Minecraft.Client\Common\UI\UIController.cpp" />
    <ClCompile Include="..\Minecraft.Client\Common\UI\UIFontData.cpp" />
    <ClCompile Include="..\Minecraft.Client\Common\UI\UIGroup.cpp" />
    <ClCompile Include="..\Minecraft.Client\Common\UI\UILayer.cpp" />
    <ClCompile Include="..\Minecraft.Client\Common\UI\UIScene.cpp" />
    <ClCompile Include="..\Minecraft.Client\Common\UI\UIScene_AbstractContainerMenu.cpp" />
    <ClCompile Include="..\Minecraft.Client\Common\UI\UIScene_AnvilMenu.cpp" />
    <ClCompile Include="..\Minecraft.Client\Common\UI\UIScene_BeaconMenu.cpp" />
    <ClCompile Include="..\Minecraft.Client\Common\UI\UIScene_BrewingStandMenu.cpp" />
    <ClCompile Include="..\Minecraft.Client\Common\UI\UIScene_ConnectingProgress.cpp" />
    <ClCompile Include="..\Minecraft.Client\Common\UI\UIScene_ContainerMenu.cpp" />
    <ClCompile Include="..\Minecraft.Client\Common\UI\UIScene_ControlsMenu.cpp" />
    <ClCompile Include="..\Minecraft.Client\Common\UI\UIScene_CraftingMenu.cpp" />
    <ClCompile Include="..\Minecraft.Client\Common\UI\UIScene_CreateWorldMenu.cpp" />
    <ClCompile Include="..\Minecraft.Client\Common\UI\UIScene_CreativeMenu.cpp" />
    <ClCompile Include="..\Minecraft.Client\Common\UI\UIScene_Credits.cpp" />
    <ClCompile Include="..\Minecraft.Client\Common\UI\UIScene_DLCMainMenu.cpp" />
    <ClCompile Include="..\Minecraft.Client\Common\UI\UIScene_DLCOffersMenu.cpp" />
    <ClCompile Include="..\Minecraft.Client\Common\UI\UIScene_DeathMenu.cpp" />
    <ClCompile Include="..\Minecraft.Client\Common\UI\UIScene_DebugCreateSchematic.cpp" />
    <ClCompile Include="..\Minecraft.Client\Common\UI\UIScene_DebugOptions.cpp" />
    <ClCompile Include="..\Minecraft.Client\Common\UI\UIScene_DebugOverlay.cpp" />
    <ClCompile Include="..\Minecraft.Client\Common\UI\UIScene_DebugSetCamera.cpp" />
    <ClCompile Include="..\Minecraft.Client\Common\UI\UIScene_DispenserMenu.cpp" />
    <ClCompile Include="..\Minecraft.Client\Common\UI\UIScene_EULA.cpp" />
    <ClCompile Include="..\Minecraft.Client\Common\UI\UIScene_EnchantingMenu.cpp" />
    <ClCompile Include="..\Minecraft.Client\Common\UI\UIScene_EndPoem.cpp" />
    <ClCompile Include="..\Minecraft.Client\Common\UI\UIScene_FireworksMenu.cpp" />
    <ClCompile Include="..\Minecraft.Client\Common\UI\UIScene_FullscreenProgress.cpp" />
    <ClCompile Include="..\Minecraft.Client\Common\UI\UIScene_FurnaceMenu.cpp" />
    <ClCompile Include="..\Minecraft.Client\Common\UI\UIScene_HUD.cpp" />
    <ClCompile Include="..\Minecraft.Client\Common\UI\UIScene_HelpAndOptionsMenu.cpp" />
    <ClCompile Include="..\Minecraft.Client\Common\UI\UIScene_HopperMenu.cpp" />
    <ClCompile Include="..\Minecraft.Client\Common\UI\UIScene_HorseInventoryMenu.cpp" />
    <ClCompile Include="..\Minecraft.Client\Common\UI\UIScene_HowToPlay.cpp" />
    <ClCompile Include="..\Minecraft.Client\Common\UI\UIScene_HowToPlayMenu.cpp" />
    <ClCompile Include="..\Minecraft.Client\Common\UI\UIScene_InGameHostOptionsMenu.cpp" />
    <ClCompile Include="..\Minecraft.Client\Common\UI\UIScene_InGameInfoMenu.cpp" />
    <ClCompile Include="..\Minecraft.Client\Common\UI\UIScene_InGamePlayerOptionsMenu.cpp" />
    <ClCompile Include="..\Minecraft.Client\Common\UI\UIScene_Intro.cpp" />
    <ClCompile Include="..\Minecraft.Client\Common\UI\UIScene_InventoryMenu.cpp" />
    <ClCompile Include="..\Minecraft.Client\Common\UI\UIScene_JoinMenu.cpp" />
    <ClCompile Include="..\Minecraft.Client\Common\UI\UIScene_Keyboard.cpp" />
    <ClCompile Include="..\Minecraft.Client\Common\UI\UIScene_LanguageSelector.cpp" />
    <ClCompile Include="..\Minecraft.Client\Common\UI\UIScene_LaunchMoreOptionsMenu.cpp" />
    <ClCompile Include="..\Minecraft.Client\Common\UI\UIScene_LeaderboardsMenu.cpp" />
    <ClCompile Include="..\Minecraft.Client\Common\UI\UIScene_LoadMenu.cpp" />
    <ClCompile Include="..\Minecraft.Client\Common\UI\UIScene_LoadOrJoinMenu.cpp" />
    <ClCompile Include="..\Minecraft.Client\Common\UI\UIScene_MainMenu.cpp" />
    <ClCompile Include="..\Minecraft.Client\Common\UI\UIScene_MessageBox.cpp" />
    <ClCompile Include="..\Minecraft.Client\Common\UI\UIScene_NewUpdateMessage.cpp" />
    <ClCompile Include="..\Minecraft.Client\Common\UI\UIScene_PauseMenu.cpp" />
    <ClCompile Include="..\Minecraft.Client\Common\UI\UIScene_QuadrantSignin.cpp" />
    <ClCompile Include="..\Minecraft.Client\Common\UI\UIScene_ReinstallMenu.cpp" />
    <ClCompile Include="..\Minecraft.Client\Common\UI\UIScene_SaveMessage.cpp" />
    <ClCompile Include="..\Minecraft.Client\Common\UI\UIScene_SettingsAudioMenu.cpp" />
    <ClCompile Include="..\Minecraft.Client\Common\UI\UIScene_SettingsControlMenu.cpp" />
    <ClCompile Include="..\Minecraft.Client\Common\UI\UIScene_SettingsGraphicsMenu.cpp" />
    <ClCompile Include="..\Minecraft.Client\Common\UI\UIScene_SettingsMenu.cpp" />
    <ClCompile Include="..\Minecraft.Client\Common\UI\UIScene_SettingsOptionsMenu.cpp" />
    <ClCompile Include="..\Minecraft.Client\Common\UI\UIScene_SettingsUIMenu.cpp" />
    <ClCompile Include="..\Minecraft.Client\Common\UI\UIScene_SignEntryMenu.cpp" />
    <ClCompile Include="..\Minecraft.Client\Common\UI\UIScene_SkinSelectMenu.cpp" />
    <ClCompile Include="..\Minecraft.Client\Common\UI\UIScene_TeleportMenu.cpp" />
    <ClCompile Include="..\Minecraft.Client\Common\UI\UIScene_Timer.cpp" />
    <ClCompile Include="..\Minecraft.Client\Common\UI\UIScene_TradingMenu.cpp" />
    <ClCompile Include="..\Minecraft.Client\Common\UI\UIScene_TrialExitUpsell.cpp" />
    <ClCompile Include="..\Minecraft.Client\Common\UI\UIString.cpp" />
    <ClCompile Include="..\Minecraft.Client\Common\UI\UITTFFont.cpp" />
    <ClCompile Include="..\Minecraft.Client\Common\zlib\adler32.c" />
    <ClCompile Include="..\Minecraft.Client\Common\zlib\compress.c" />
    <ClCompile Include="..\Minecraft.Client\Common\zlib\crc32.c" />
    <ClCompile Include="..\Minecraft.Client\Common\zlib\deflate.c" />
    <ClCompile Include="..\Minecraft.Client\Common\zlib\gzclose.c" />
    <ClCompile Include="..\Minecraft.Client\Common\zlib\gzlib.c" />
    <ClCompile Include="..\Minecraft.Client\Common\zlib\gzread.c" />
    <ClCompile Include="..\Minecraft.Client\Common\zlib\gzwrite.c" />
    <ClCompile Include="..\Minecraft.Client\Common\zlib\infback.c" />
    <ClCompile Include="..\Minecraft.Client\Common\zlib\inffast.c" />
    <ClCompile Include="..\Minecraft.Client\Common\zlib\inflate.c" />
    <ClCompile Include="..\Minecraft.Client\Common\zlib\inftrees.c" />
    <ClCompile Include="..\Minecraft.Client\Common\zlib\trees.c" />
    <ClCompile Include="..\Minecraft.Client\Common\zlib\uncompr.c" />
    <ClCompile Include="..\Minecraft.Client\Common\zlib\zutil.c" />
    <ClCompile Include="..\Minecraft.Client\CompassTexture.cpp" />
    <ClCompile Include="..\Minecraft.Client\ConfirmScreen.cpp" />
    <ClCompile Include="..\Minecraft.Client\ConsoleInput.cpp" />
    <ClCompile Include="..\Minecraft.Client\ControlsScreen.cpp" />
    <ClCompile Include="..\Minecraft.Client\CowModel.cpp" />
    <ClCompile Include="..\Minecraft.Client\CowRenderer.cpp" />
    <ClCompile Include="..\Minecraft.Client\CreateWorldScreen.cpp" />
    <ClCompile Include="..\Minecraft.Client\CreeperModel.cpp" />
    <ClCompile Include="..\Minecraft.Client\CreeperRenderer.cpp" />
    <ClCompile Include="..\Minecraft.Client\CritParticle.cpp" />
    <ClCompile Include="..\Minecraft.Client\CritParticle2.cpp" />
    <ClCompile Include="..\Minecraft.Client\Cube.cpp" />
    <ClCompile Include="..\Minecraft.Client\DLCTexturePack.cpp" />
    <ClCompile Include="..\Minecraft.Client\DeathScreen.cpp" />
    <ClCompile Include="..\Minecraft.Client\DefaultRenderer.cpp" />
    <ClCompile Include="..\Minecraft.Client\DefaultTexturePack.cpp" />
    <ClCompile Include="..\Minecraft.Client\DemoUser.cpp" />
    <ClCompile Include="..\Minecraft.Client\DerivedServerLevel.cpp" />
    <ClCompile Include="..\Minecraft.Client\DirtyChunkSorter.cpp" />
    <ClCompile Include="..\Minecraft.Client\DispenserBootstrap.cpp" />
    <ClCompile Include="..\Minecraft.Client\DistanceChunkSorter.cpp" />
    <ClCompile Include="..\Minecraft.Client\DragonBreathParticle.cpp" />
    <ClCompile Include="..\Minecraft.Client\DragonModel.cpp" />
    <ClCompile Include="..\Minecraft.Client\DripParticle.cpp" />
    <ClCompile Include="..\Minecraft.Client\EchantmentTableParticle.cpp" />
    <ClCompile Include="..\Minecraft.Client\EditBox.cpp" />
    <ClCompile Include="..\Minecraft.Client\EnchantTableRenderer.cpp" />
    <ClCompile Include="..\Minecraft.Client\EnderChestRenderer.cpp" />
    <ClCompile Include="..\Minecraft.Client\EnderCrystalModel.cpp" />
    <ClCompile Include="..\Minecraft.Client\EnderCrystalRenderer.cpp" />
    <ClCompile Include="..\Minecraft.Client\EnderDragonRenderer.cpp" />
    <ClCompile Include="..\Minecraft.Client\EnderParticle.cpp" />
    <ClCompile Include="..\Minecraft.Client\EndermanModel.cpp" />
    <ClCompile Include="..\Minecraft.Client\EndermanRenderer.cpp" />
    <ClCompile Include="..\Minecraft.Client\EntityRenderDispatcher.cpp" />
    <ClCompile Include="..\Minecraft.Client\EntityRenderer.cpp" />
    <ClCompile Include="..\Minecraft.Client\EntityTileRenderer.cpp" />
    <ClCompile Include="..\Minecraft.Client\EntityTracker.cpp" />
    <ClCompile Include="..\Minecraft.Client\ErrorScreen.cpp" />
    <ClCompile Include="..\Minecraft.Client\ExperienceOrbRenderer.cpp" />
    <ClCompile Include="..\Minecraft.Client\ExplodeParticle.cpp" />
    <ClCompile Include="..\Minecraft.Client\Extrax64Stubs.cpp" />
    <ClCompile Include="..\Minecraft.Client\FallingTileRenderer.cpp" />
    <ClCompile Include="..\Minecraft.Client\FileTexturePack.cpp" />
    <ClCompile Include="..\Minecraft.Client\FireballRenderer.cpp" />
    <ClCompile Include="..\Minecraft.Client\FireworksParticles.cpp" />
    <ClCompile Include="..\Minecraft.Client\FishingHookRenderer.cpp" />
    <ClCompile Include="..\Minecraft.Client\FlameParticle.cpp" />
    <ClCompile Include="..\Minecraft.Client\FolderTexturePack.cpp" />
    <ClCompile Include="..\Minecraft.Client\Font.cpp" />
    <ClCompile Include="..\Minecraft.Client\FootstepParticle.cpp" />
    <ClCompile Include="..\Minecraft.Client\Frustum.cpp" />
    <ClCompile Include="..\Minecraft.Client\FrustumCuller.cpp" />
    <ClCompile Include="..\Minecraft.Client\FrustumData.cpp" />
    <ClCompile Include="..\Minecraft.Client\GameRenderer.cpp" />
    <ClCompile Include="..\Minecraft.Client\GhastModel.cpp" />
    <ClCompile Include="..\Minecraft.Client\GhastRenderer.cpp" />
    <ClCompile Include="..\Minecraft.Client\GiantMobRenderer.cpp" />
    <ClCompile Include="..\Minecraft.Client\Gui.cpp" />
    <ClCompile Include="..\Minecraft.Client\GuiComponent.cpp" />
    <ClCompile Include="..\Minecraft.Client\GuiMessage.cpp" />
    <ClCompile Include="..\Minecraft.Client\GuiParticle.cpp" />
    <ClCompile Include="..\Minecraft.Client\GuiParticles.cpp" />
    <ClCompile Include="..\Minecraft.Client\HeartParticle.cpp" />
    <ClCompile Include="..\Minecraft.Client\HorseRenderer.cpp" />
    <ClCompile Include="..\Minecraft.Client\HttpTexture.cpp" />
    <ClCompile Include="..\Minecraft.Client\HugeExplosionParticle.cpp" />
    <ClCompile Include="..\Minecraft.Client\HugeExplosionSeedParticle.cpp" />
    <ClCompile Include="..\Minecraft.Client\HumanoidMobRenderer.cpp" />
    <ClCompile Include="..\Minecraft.Client\HumanoidModel.cpp" />
    <ClCompile Include="..\Minecraft.Client\InBedChatScreen.cpp" />
    <ClCompile Include="..\Minecraft.Client\Input.cpp" />
    <ClCompile Include="..\Minecraft.Client\ItemFrameRenderer.cpp" />
    <ClCompile Include="..\Minecraft.Client\ItemInHandRenderer.cpp" />
    <ClCompile Include="..\Minecraft.Client\ItemRenderer.cpp" />
    <ClCompile Include="..\Minecraft.Client\ItemSpriteRenderer.cpp" />
    <ClCompile Include="..\Minecraft.Client\JoinMultiplayerScreen.cpp" />
    <ClCompile Include="..\Minecraft.Client\KeyMapping.cpp" />
    <ClCompile Include="..\Minecraft.Client\LargeChestModel.cpp" />
    <ClCompile Include="..\Minecraft.Client\LavaParticle.cpp" />
    <ClCompile Include="..\Minecraft.Client\LavaSlimeModel.cpp" />
    <ClCompile Include="..\Minecraft.Client\LavaSlimeRenderer.cpp" />
    <ClCompile Include="..\Minecraft.Client\LeashKnotModel.cpp" />
    <ClCompile Include="..\Minecraft.Client\LeashKnotRenderer.cpp" />
    <ClCompile Include="..\Minecraft.Client\LevelRenderer.cpp" />
    <ClCompile Include="..\Minecraft.Client\Lighting.cpp" />
    <ClCompile Include="..\Minecraft.Client\LightningBoltRenderer.cpp" />
    <ClCompile Include="..\Minecraft.Client\LivingEntityRenderer.cpp" />
    <ClCompile Include="..\Minecraft.Client\LocalPlayer.cpp" />
    <ClCompile Include="..\Minecraft.Client\MemTexture.cpp" />
    <ClCompile Include="..\Minecraft.Client\MemoryTracker.cpp" />
    <ClCompile Include="..\Minecraft.Client\MinecartModel.cpp" />
    <ClCompile Include="..\Minecraft.Client\MinecartRenderer.cpp" />
    <ClCompile Include="..\Minecraft.Client\MinecartSpawnerRenderer.cpp" />
    <ClCompile Include="..\Minecraft.Client\Minecraft.cpp" />
    <ClCompile Include="..\Minecraft.Client\MinecraftServer.cpp" />
    <ClCompile Include="..\Minecraft.Client\Minimap.cpp" />
    <ClCompile Include="..\Minecraft.Client\MobRenderer.cpp" />
    <ClCompile Include="..\Minecraft.Client\MobSkinMemTextureProcessor.cpp" />
    <ClCompile Include="..\Minecraft.Client\MobSkinTextureProcessor.cpp" />
    <ClCompile Include="..\Minecraft.Client\MobSpawnerRenderer.cpp" />
    <ClCompile Include="..\Minecraft.Client\Model.cpp" />
    <ClCompile Include="..\Minecraft.Client\ModelHorse.cpp" />
    <ClCompile Include="..\Minecraft.Client\ModelPart.cpp" />
    <ClCompile Include="..\Minecraft.Client\MultiPlayerChunkCache.cpp" />
    <ClCompile Include="..\Minecraft.Client\MultiPlayerGameMode.cpp" />
    <ClCompile Include="..\Minecraft.Client\MultiPlayerLevel.cpp" />
    <ClCompile Include="..\Minecraft.Client\MultiPlayerLocalPlayer.cpp" />
    <ClCompile Include="..\Minecraft.Client\MushroomCowRenderer.cpp" />
    <ClCompile Include="..\Minecraft.Client\NameEntryScreen.cpp" />
    <ClCompile Include="..\Minecraft.Client\NetherPortalParticle.cpp" />
    <ClCompile Include="..\Minecraft.Client\NoteParticle.cpp" />
    <ClCompile Include="..\Minecraft.Client\OcelotModel.cpp" />
    <ClCompile Include="..\Minecraft.Client\OcelotRenderer.cpp" />
    <ClCompile Include="..\Minecraft.Client\OffsettedRenderList.cpp" />
    <ClCompile Include="..\Minecraft.Client\Options.cpp" />
    <ClCompile Include="..\Minecraft.Client\OptionsScreen.cpp" />
    <ClCompile Include="..\Minecraft.Client\PS3\PS3Extras\ShutdownManager.cpp" />
    <ClCompile Include="..\Minecraft.Client\PaintingRenderer.cpp" />
    <ClCompile Include="..\Minecraft.Client\Particle.cpp" />
    <ClCompile Include="..\Minecraft.Client\ParticleEngine.cpp" />
    <ClCompile Include="..\Minecraft.Client\PauseScreen.cpp" />
    <ClCompile Include="..\Minecraft.Client\PendingConnection.cpp" />
    <ClCompile Include="..\Minecraft.Client\PigModel.cpp" />
    <ClCompile Include="..\Minecraft.Client\PigRenderer.cpp" />
    <ClCompile Include="..\Minecraft.Client\PistonPieceRenderer.cpp" />
    <ClCompile Include="..\Minecraft.Client\PlayerChunkMap.cpp" />
    <ClCompile Include="..\Minecraft.Client\PlayerCloudParticle.cpp" />
    <ClCompile Include="..\Minecraft.Client\PlayerConnection.cpp" />
    <ClCompile Include="..\Minecraft.Client\PlayerList.cpp" />
    <ClCompile Include="..\Minecraft.Client\PlayerRenderer.cpp" />
    <ClCompile Include="..\Minecraft.Client\Polygon.cpp" />
    <ClCompile Include="..\Minecraft.Client\PreStitchedTextureMap.cpp" />
    <ClCompile Include="..\Minecraft.Client\ProgressRenderer.cpp" />
    <ClCompile Include="..\Minecraft.Client\QuadrupedModel.cpp" />
    <ClCompile Include="..\Minecraft.Client\Rect2i.cpp" />
    <ClCompile Include="..\Minecraft.Client\RedDustParticle.cpp" />
    <ClCompile Include="..\Minecraft.Client\RemotePlayer.cpp" />
    <ClCompile Include="..\Minecraft.Client\RenameWorldScreen.cpp" />
    <ClCompile Include="..\Minecraft.Client\Screen.cpp" />
    <ClCompile Include="..\Minecraft.Client\ScreenSizeCalculator.cpp" />
    <ClCompile Include="..\Minecraft.Client\ScrolledSelectionList.cpp" />
    <ClCompile Include="..\Minecraft.Client\SelectWorldScreen.cpp" />
    <ClCompile Include="..\Minecraft.Client\ServerChunkCache.cpp" />
    <ClCompile Include="..\Minecraft.Client\ServerCommandDispatcher.cpp" />
    <ClCompile Include="..\Minecraft.Client\ServerConnection.cpp" />
    <ClCompile Include="..\Minecraft.Client\ServerLevel.cpp" />
    <ClCompile Include="..\Minecraft.Client\ServerLevelListener.cpp" />
    <ClCompile Include="..\Minecraft.Client\ServerPlayer.cpp" />
    <ClCompile Include="..\Minecraft.Client\ServerPlayerGameMode.cpp" />
    <ClCompile Include="..\Minecraft.Client\ServerScoreboard.cpp" />
    <ClCompile Include="..\Minecraft.Client\Settings.cpp" />
    <ClCompile Include="..\Minecraft.Client\SheepFurModel.cpp" />
    <ClCompile Include="..\Minecraft.Client\SheepModel.cpp" />
    <ClCompile Include="..\Minecraft.Client\SheepRenderer.cpp" />
    <ClCompile Include="..\Minecraft.Client\SignModel.cpp" />
    <ClCompile Include="..\Minecraft.Client\SignRenderer.cpp" />
    <ClCompile Include="..\Minecraft.Client\SilverfishModel.cpp" />
    <ClCompile Include="..\Minecraft.Client\SilverfishRenderer.cpp" />
    <ClCompile Include="..\Minecraft.Client\SimpleIcon.cpp" />
    <ClCompile Include="..\Minecraft.Client\SkeletonHeadModel.cpp" />
    <ClCompile Include="..\Minecraft.Client\SkeletonModel.cpp" />
    <ClCompile Include="..\Minecraft.Client\SkeletonRenderer.cpp" />
    <ClCompile Include="..\Minecraft.Client\SkiModel.cpp" />
    <ClCompile Include="..\Minecraft.Client\SkullTileRenderer.cpp" />
    <ClCompile Include="..\Minecraft.Client\SlideButton.cpp" />
    <ClCompile Include="..\Minecraft.Client\SlimeModel.cpp" />
    <ClCompile Include="..\Minecraft.Client\SlimeRenderer.cpp" />
    <ClCompile Include="..\Minecraft.Client\SmallButton.cpp" />
    <ClCompile Include="..\Minecraft.Client\SmokeParticle.cpp" />
    <ClCompile Include="..\Minecraft.Client\SnowManModel.cpp" />
    <ClCompile Include="..\Minecraft.Client\SnowManRenderer.cpp" />
    <ClCompile Include="..\Minecraft.Client\SnowShovelParticle.cpp" />
    <ClCompile Include="..\Minecraft.Client\SpellParticle.cpp" />
    <ClCompile Include="..\Minecraft.Client\SpiderModel.cpp" />
    <ClCompile Include="..\Minecraft.Client\SpiderRenderer.cpp" />
    <ClCompile Include="..\Minecraft.Client\SplashParticle.cpp" />
    <ClCompile Include="..\Minecraft.Client\SquidModel.cpp" />
    <ClCompile Include="..\Minecraft.Client\SquidRenderer.cpp" />
    <ClCompile Include="..\Minecraft.Client\StatsCounter.cpp" />
    <ClCompile Include="..\Minecraft.Client\StatsScreen.cpp" />
    <ClCompile Include="..\Minecraft.Client\StatsSyncher.cpp" />
    <ClCompile Include="..\Minecraft.Client\StitchSlot.cpp" />
    <ClCompile Include="..\Minecraft.Client\StitchedTexture.cpp" />
    <ClCompile Include="..\Minecraft.Client\Stitcher.cpp" />
    <ClCompile Include="..\Minecraft.Client\StringTable.cpp" />
    <ClCompile Include="..\Minecraft.Client\SuspendedParticle.cpp" />
    <ClCompile Include="..\Minecraft.Client\SuspendedTownParticle.cpp" />
    <ClCompile Include="..\Minecraft.Client\TakeAnimationParticle.cpp" />
    <ClCompile Include="..\Minecraft.Client\TeleportCommand.cpp" />
    <ClCompile Include="..\Minecraft.Client\TerrainParticle.cpp" />
    <ClCompile Include="..\Minecraft.Client\Tesselator.cpp" />
    <ClCompile Include="..\Minecraft.Client\TexOffs.cpp" />
    <ClCompile Include="..\Minecraft.Client\Texture.cpp" />
    <ClCompile Include="..\Minecraft.Client\TextureAtlas.cpp" />
    <ClCompile Include="..\Minecraft.Client\TextureHolder.cpp" />
    <ClCompile Include="..\Minecraft.Client\TextureManager.cpp" />
    <ClCompile Include="..\Minecraft.Client\TextureMap.cpp" />
    <ClCompile Include="..\Minecraft.Client\TexturePack.cpp" />
    <ClCompile Include="..\Minecraft.Client\TexturePackRepository.cpp" />
    <ClCompile Include="..\Minecraft.Client\Textures.cpp" />
    <ClCompile Include="..\Minecraft.Client\TheEndPortalRenderer.cpp" />
    <ClCompile Include="..\Minecraft.Client\TileEntityRenderDispatcher.cpp" />
    <ClCompile Include="..\Minecraft.Client\TileEntityRenderer.cpp" />
    <ClCompile Include="..\Minecraft.Client\TileRenderer.cpp" />
    <ClCompile Include="..\Minecraft.Client\Timer.cpp" />
    <ClCompile Include="..\Minecraft.Client\TitleScreen.cpp" />
    <ClCompile Include="..\Minecraft.Client\TntMinecartRenderer.cpp" />
    <ClCompile Include="..\Minecraft.Client\TntRenderer.cpp" />
    <ClCompile Include="..\Minecraft.Client\TrackedEntity.cpp" />
    <ClCompile Include="..\Minecraft.Client\User.cpp" />
    <ClCompile Include="..\Minecraft.Client\Vertex.cpp" />
    <ClCompile Include="..\Minecraft.Client\VideoSettingsScreen.cpp" />
    <ClCompile Include="..\Minecraft.Client\ViewportCuller.cpp" />
    <ClCompile Include="..\Minecraft.Client\VillagerGolemModel.cpp" />
    <ClCompile Include="..\Minecraft.Client\VillagerGolemRenderer.cpp" />
    <ClCompile Include="..\Minecraft.Client\VillagerModel.cpp" />
    <ClCompile Include="..\Minecraft.Client\VillagerRenderer.cpp" />
    <ClCompile Include="..\Minecraft.Client\VillagerZombieModel.cpp" />
    <ClCompile Include="..\Minecraft.Client\WaterDropParticle.cpp" />
    <ClCompile Include="..\Minecraft.Client\Windows64\Iggy\gdraw\gdraw_d3d11.cpp" />
    <ClCompile Include="..\Minecraft.Client\Windows64\KeyboardMouseInput.cpp" />
    <ClCompile Include="..\Minecraft.Client\Windows64\Leaderboards\WindowsLeaderboardManager.cpp" />
    <ClCompile Include="..\Minecraft.Client\Windows64\PostProcesser.cpp" />
    <ClCompile Include="..\Minecraft.Client\Windows64\Windows64_App.cpp" />
    <ClCompile Include="..\Minecraft.Client\Windows64\Windows64_Minecraft.cpp" />
    <ClCompile Include="..\Minecraft.Client\Windows64\Windows64_UIController.cpp" />
    <ClCompile Include="..\Minecraft.Client\Windows64\Network\WinsockNetLayer.cpp" />
    <ClCompile Include="..\Minecraft.Client\WitchModel.cpp" />
    <ClCompile Include="..\Minecraft.Client\WitchRenderer.cpp" />
    <ClCompile Include="..\Minecraft.Client\WitherBossModel.cpp" />
    <ClCompile Include="..\Minecraft.Client\WitherBossRenderer.cpp" />
    <ClCompile Include="..\Minecraft.Client\WitherSkullRenderer.cpp" />
    <ClCompile Include="..\Minecraft.Client\WolfModel.cpp" />
    <ClCompile Include="..\Minecraft.Client\WolfRenderer.cpp" />
    <ClCompile Include="..\Minecraft.Client\WstringLookup.cpp" />
    <ClCompile Include="..\Minecraft.Client\Xbox\Network\NetworkPlayerXbox.cpp" />
    <ClCompile Include="..\Minecraft.Client\ZombieModel.cpp" />
    <ClCompile Include="..\Minecraft.Client\ZombieRenderer.cpp" />
    <ClCompile Include="..\Minecraft.Client\compat_shims.cpp" />
    <ClCompile Include="Console\ServerCliInput.cpp" />
    <ClCompile Include="..\Minecraft.Client\glWrapper.cpp" />
    <ClCompile Include="..\Minecraft.Client\stdafx.cpp" />
    <ClCompile Include="..\Minecraft.Client\stubs.cpp" />
    <ClCompile Include="Console\commands\ban\CliCommandBan.cpp">
      <Filter>Server\Console\Commands</Filter>
    </ClCompile>
    <ClCompile Include="Console\commands\ban-ip\CliCommandBanIp.cpp">
      <Filter>Server\Console\Commands</Filter>
    </ClCompile>
    <ClCompile Include="Console\commands\ban-list\CliCommandBanList.cpp">
      <Filter>Server\Console\Commands</Filter>
    </ClCompile>
    <ClCompile Include="Console\commands\defaultgamemode\CliCommandDefaultGamemode.cpp">
      <Filter>Server\Console\Commands</Filter>
    </ClCompile>
    <ClCompile Include="Console\commands\enchant\CliCommandEnchant.cpp">
      <Filter>Server\Console\Commands</Filter>
    </ClCompile>
    <ClCompile Include="Console\commands\experience\CliCommandExperience.cpp">
      <Filter>Server\Console\Commands</Filter>
    </ClCompile>
    <ClCompile Include="Console\commands\gamemode\CliCommandGamemode.cpp">
      <Filter>Server\Console\Commands</Filter>
    </ClCompile>
    <ClCompile Include="Console\commands\give\CliCommandGive.cpp">
      <Filter>Server\Console\Commands</Filter>
    </ClCompile>
    <ClCompile Include="Console\commands\help\CliCommandHelp.cpp">
      <Filter>Server\Console\Commands</Filter>
    </ClCompile>
    <ClCompile Include="Console\commands\kill\CliCommandKill.cpp">
      <Filter>Server\Console\Commands</Filter>
    </ClCompile>
    <ClCompile Include="Console\commands\list\CliCommandList.cpp">
      <Filter>Server\Console\Commands</Filter>
    </ClCompile>
    <ClCompile Include="Console\commands\pardon\CliCommandPardon.cpp">
      <Filter>Server\Console\Commands</Filter>
    </ClCompile>
    <ClCompile Include="Console\commands\pardon-ip\CliCommandPardonIp.cpp">
      <Filter>Server\Console\Commands</Filter>
    </ClCompile>
    <ClCompile Include="Console\commands\stop\CliCommandStop.cpp">
      <Filter>Server\Console\Commands</Filter>
    </ClCompile>
    <ClCompile Include="Console\commands\time\CliCommandTime.cpp">
      <Filter>Server\Console\Commands</Filter>
    </ClCompile>
    <ClCompile Include="Console\commands\tp\CliCommandTp.cpp">
      <Filter>Server\Console\Commands</Filter>
    </ClCompile>
    <ClCompile Include="Console\commands\weather\CliCommandWeather.cpp">
      <Filter>Server\Console\Commands</Filter>
    </ClCompile>
    <ClCompile Include="Console\commands\whitelist\CliCommandWhitelist.cpp">
      <Filter>Server\Console\Commands</Filter>
    </ClCompile>
  </ItemGroup>
  <ItemGroup>
    <ClInclude Include="Console\ServerCli.h">
      <Filter>Server\Console</Filter>
    </ClInclude>
    <ClInclude Include="Console\ServerCliEngine.h">
      <Filter>Server\Console</Filter>
    </ClInclude>
    <ClInclude Include="Console\ServerCliParser.h">
      <Filter>Server\Console</Filter>
    </ClInclude>
    <ClInclude Include="Console\ServerCliRegistry.h">
      <Filter>Server\Console</Filter>
    </ClInclude>
    <ClInclude Include="Access\Access.h">
      <Filter>Server\Access</Filter>
    </ClInclude>
    <ClInclude Include="Access\BanManager.h">
      <Filter>Server\Access</Filter>
    </ClInclude>
    <ClInclude Include="Access\WhitelistManager.h">
      <Filter>Server\Access</Filter>
    </ClInclude>
    <ClInclude Include="Common\FileUtils.h">
      <Filter>Server\Common</Filter>
    </ClInclude>
    <ClInclude Include="Common\AccessStorageUtils.h">
      <Filter>Server\Common</Filter>
    </ClInclude>
    <ClInclude Include="Common\NetworkUtils.h">
      <Filter>Server\Common</Filter>
    </ClInclude>
    <ClInclude Include="Common\StringUtils.h">
      <Filter>Server\Common</Filter>
    </ClInclude>
    <ClInclude Include="ServerLogger.h">
      <Filter>Server</Filter>
    </ClInclude>
    <ClInclude Include="ServerLogManager.h">
      <Filter>Server</Filter>
    </ClInclude>
    <ClInclude Include="ServerProperties.h">
      <Filter>Server</Filter>
    </ClInclude>
    <ClInclude Include="vendor\linenoise\linenoise.h">
      <Filter>Server\Vendor</Filter>
    </ClInclude>
    <ClInclude Include="WorldManager.h">
      <Filter>Server</Filter>
    </ClInclude>
    <ClInclude Include="Console\ServerCliInput.h" />
    <ClInclude Include="Console\commands\ban\CliCommandBan.h">
      <Filter>Server\Console\Commands</Filter>
    </ClInclude>
    <ClInclude Include="Console\commands\ban-ip\CliCommandBanIp.h">
      <Filter>Server\Console\Commands</Filter>
    </ClInclude>
    <ClInclude Include="Console\commands\ban-list\CliCommandBanList.h">
      <Filter>Server\Console\Commands</Filter>
    </ClInclude>
    <ClInclude Include="Console\commands\defaultgamemode\CliCommandDefaultGamemode.h">
      <Filter>Server\Console\Commands</Filter>
    </ClInclude>
    <ClInclude Include="Console\commands\enchant\CliCommandEnchant.h">
      <Filter>Server\Console\Commands</Filter>
    </ClInclude>
    <ClInclude Include="Console\commands\experience\CliCommandExperience.h">
      <Filter>Server\Console\Commands</Filter>
    </ClInclude>
    <ClInclude Include="Console\commands\gamemode\CliCommandGamemode.h">
      <Filter>Server\Console\Commands</Filter>
    </ClInclude>
    <ClInclude Include="Console\commands\give\CliCommandGive.h">
      <Filter>Server\Console\Commands</Filter>
    </ClInclude>
    <ClInclude Include="Console\commands\help\CliCommandHelp.h">
      <Filter>Server\Console\Commands</Filter>
    </ClInclude>
    <ClInclude Include="Console\commands\CommandParsing.h">
      <Filter>Server\Console\Commands</Filter>
    </ClInclude>
    <ClInclude Include="Console\commands\kill\CliCommandKill.h">
      <Filter>Server\Console\Commands</Filter>
    </ClInclude>
    <ClInclude Include="Console\commands\list\CliCommandList.h">
      <Filter>Server\Console\Commands</Filter>
    </ClInclude>
    <ClInclude Include="Console\commands\pardon\CliCommandPardon.h">
      <Filter>Server\Console\Commands</Filter>
    </ClInclude>
    <ClInclude Include="Console\commands\pardon-ip\CliCommandPardonIp.h">
      <Filter>Server\Console\Commands</Filter>
    </ClInclude>
    <ClInclude Include="Console\commands\stop\CliCommandStop.h">
      <Filter>Server\Console\Commands</Filter>
    </ClInclude>
    <ClInclude Include="Console\commands\time\CliCommandTime.h">
      <Filter>Server\Console\Commands</Filter>
    </ClInclude>
    <ClInclude Include="Console\commands\tp\CliCommandTp.h">
      <Filter>Server\Console\Commands</Filter>
    </ClInclude>
    <ClInclude Include="Console\commands\weather\CliCommandWeather.h">
      <Filter>Server\Console\Commands</Filter>
    </ClInclude>
    <ClInclude Include="Console\commands\whitelist\CliCommandWhitelist.h">
      <Filter>Server\Console\Commands</Filter>
    </ClInclude>
    <ClInclude Include="Console\commands\IServerCliCommand.h">
      <Filter>Server\Console\Commands</Filter>
    </ClInclude>
  </ItemGroup>
  <ItemGroup>
    <ResourceCompile Include="..\Minecraft.Client\Xbox\MinecraftWindows.rc" />
  </ItemGroup>
  <ItemGroup>
    <MASM Include="..\Minecraft.Client\iob_shim.asm" />
  </ItemGroup>
</Project>

